Microsoft Visual Studio Solution File, Format Version 12.00
# Visual Studio Version 17
VisualStudioVersion = 17.5.2.0
MinimumVisualStudioVersion = 10.0.40219.1
Project("{2150E333-8FDC-42A3-9474-1A3956D46DE8}") = "backends", "backends", "{81267934-4FE5-6C83-B806-5B06E723B05C}"
EndProject
Project("{2150E333-8FDC-42A3-9474-1A3956D46DE8}") = "desktop", "desktop", "{7A1224A0-F22D-34FF-DE0A-A058FAFFD90C}"
EndProject
Project("{FAE04EC0-301F-11D3-BF4B-00C04F79EFBC}") = "aspnet-core", "backends\aspnet-core\aspnet-core.csproj", "{6C614EE1-F5DB-C3F2-96DB-E93C898F395B}"
EndProject
Project("{2150E333-8FDC-42A3-9474-1A3956D46DE8}") = "winui3", "winui3", "{FE5B3807-50DC-7204-DA02-3BACCAF86437}"
EndProject
Project("{FAE04EC0-301F-11D3-BF4B-00C04F79EFBC}") = "HelloTimeWinUI", "desktop\winui3\HelloTimeWinUI.csproj", "{ADB99BB6-928F-A9E1-BCD5-B52BDA0B513A}"
EndProject
Project("{2150E333-8FDC-42A3-9474-1A3956D46DE8}") = "aspnet-core (1)", "aspnet-core (1)", "{C011E9E5-EC1D-D926-5880-FEAFDBBF7779}"
EndProject
Project("{FAE04EC0-301F-11D3-BF4B-00C04F79EFBC}") = "tests", "backends\aspnet-core\tests\tests.csproj", "{D427EB9E-98F4-87C7-9E51-B1BE78480948}"
EndProject
Global
	GlobalSection(SolutionConfigurationPlatforms) = preSolution
		Debug|Any CPU = Debug|Any CPU
		Release|Any CPU = Release|Any CPU
	EndGlobalSection
	GlobalSection(ProjectConfigurationPlatforms) = postSolution
		{6C614EE1-F5DB-C3F2-96DB-E93C898F395B}.Debug|Any CPU.ActiveCfg = Debug|Any CPU
		{6C614EE1-F5DB-C3F2-96DB-E93C898F395B}.Debug|Any CPU.Build.0 = Debug|Any CPU
		{6C614EE1-F5DB-C3F2-96DB-E93C898F395B}.Release|Any CPU.ActiveCfg = Release|Any CPU
		{6C614EE1-F5DB-C3F2-96DB-E93C898F395B}.Release|Any CPU.Build.0 = Release|Any CPU
		{ADB99BB6-928F-A9E1-BCD5-B52BDA0B513A}.Debug|Any CPU.ActiveCfg = Debug|Any CPU
		{ADB99BB6-928F-A9E1-BCD5-B52BDA0B513A}.Debug|Any CPU.Build.0 = Debug|Any CPU
		{ADB99BB6-928F-A9E1-BCD5-B52BDA0B513A}.Release|Any CPU.ActiveCfg = Release|Any CPU
		{ADB99BB6-928F-A9E1-BCD5-B52BDA0B513A}.Release|Any CPU.Build.0 = Release|Any CPU
		{D427EB9E-98F4-87C7-9E51-B1BE78480948}.Debug|Any CPU.ActiveCfg = Debug|Any CPU
		{D427EB9E-98F4-87C7-9E51-B1BE78480948}.Debug|Any CPU.Build.0 = Debug|Any CPU
		{D427EB9E-98F4-87C7-9E51-B1BE78480948}.Release|Any CPU.ActiveCfg = Release|Any CPU
		{D427EB9E-98F4-87C7-9E51-B1BE78480948}.Release|Any CPU.Build.0 = Release|Any CPU
	EndGlobalSection
	GlobalSection(SolutionProperties) = preSolution
		HideSolutionNode = FALSE
	EndGlobalSection
	GlobalSection(NestedProjects) = preSolution
		{6C614EE1-F5DB-C3F2-96DB-E93C898F395B} = {81267934-4FE5-6C83-B806-5B06E723B05C}
		{FE5B3807-50DC-7204-DA02-3BACCAF86437} = {7A1224A0-F22D-34FF-DE0A-A058FAFFD90C}
		{ADB99BB6-928F-A9E1-BCD5-B52BDA0B513A} = {FE5B3807-50DC-7204-DA02-3BACCAF86437}
		{C011E9E5-EC1D-D926-5880-FEAFDBBF7779} = {81267934-4FE5-6C83-B806-5B06E723B05C}
		{D427EB9E-98F4-87C7-9E51-B1BE78480948} = {C011E9E5-EC1D-D926-5880-FEAFDBBF7779}
	EndGlobalSection
	GlobalSection(ExtensibilityGlobals) = postSolution
		SolutionGuid = {D17CAA8C-237C-4017-B72A-59732D0B28F5}
	EndGlobalSection
EndGlobal
